<?xml version="1.0" encoding="utf-8"?>
<Project ToolsVersion="4.0" xmlns="http://schemas.microsoft.com/developer/msbuild/2003">
  <ItemGroup>
    <Filter Include="Source Files">
      <UniqueIdentifier>{4FC737F1-C7A5-4376-A066-2A32D752A2FF}</UniqueIdentifier>
      <Extensions>cpp;c;cc;cxx;def;odl;idl;hpj;bat;asm;asmx</Extensions>
    </Filter>
    <Filter Include="Header Files">
      <UniqueIdentifier>{93995380-89BD-4b04-88EB-625FBE52EBFB}</UniqueIdentifier>
      <Extensions>h;hh;hpp;hxx;hm;inl;inc;ipp;xsd</Extensions>
    </Filter>
    <Filter Include="Resource Files">
      <UniqueIdentifier>{67DA6AB6-F800-4c08-8B7A-83BB121AAD01}</UniqueIdentifier>
      <Extensions>rc;ico;cur;bmp;dlg;rc2;rct;bin;rgs;gif;jpg;jpeg;jpe;resx;tiff;tif;png;wav;mfcribbon-ms</Extensions>
    </Filter>
    <Filter Include="Semafory">
      <UniqueIdentifier>{36cec81d-c8b9-4608-9a19-b41b04ac4e71}</UniqueIdentifier>
    </Filter>
    <Filter Include="System plikow">
      <UniqueIdentifier>{f6816123-9aa9-4023-b6a7-8a5eefc3d4ac}</UniqueIdentifier>
    </Filter>
    <Filter Include="Zarzadzanie procesami">
      <UniqueIdentifier>{5e9f9382-16bd-42f0-8574-ce95b97587c8}</UniqueIdentifier>
    </Filter>
    <Filter Include="Memory">
      <UniqueIdentifier>{c916eccb-d34c-4bba-a8bf-8a2f21e23c6f}</UniqueIdentifier>
    </Filter>
  </ItemGroup>
  <ItemGroup>
    <ClInclude Include="Shell.h">
      <Filter>Header Files</Filter>
    </ClInclude>
    <ClInclude Include="Semaphore.h">
      <Filter>Semafory</Filter>
    </ClInclude>
    <ClInclude Include="filesystemv2.h">
      <Filter>System plikow</Filter>
    </ClInclude>
    <ClInclude Include="ProcessManager.hpp">
      <Filter>Zarzadzanie procesami</Filter>
    </ClInclude>
    <ClInclude Include="Process.hpp">
      <Filter>Zarzadzanie procesami</Filter>
    </ClInclude>
    <ClInclude Include="Page.h">
      <Filter>Memory</Filter>
    </ClInclude>
    <ClInclude Include="memory.h">
      <Filter>Memory</Filter>
    </ClInclude>
  </ItemGroup>
  <ItemGroup>
    <ClCompile Include="Shell.cpp">
      <Filter>Resource Files</Filter>
    </ClCompile>
    <ClCompile Include="Source.cpp">
      <Filter>Source Files</Filter>
    </ClCompile>
    <ClCompile Include="Semaphore.cpp">
      <Filter>Semafory</Filter>
    </ClCompile>
    <ClCompile Include="filesystemv2.cpp">
      <Filter>System plikow</Filter>
    </ClCompile>
    <ClCompile Include="Process.cpp">
      <Filter>Zarzadzanie procesami</Filter>
    </ClCompile>
    <ClCompile Include="ProcessManager.cpp">
      <Filter>Zarzadzanie procesami</Filter>
    </ClCompile>
    <ClCompile Include="memory.cpp">
      <Filter>Memory</Filter>
    </ClCompile>
    <ClCompile Include="Page.cpp">
      <Filter>Memory</Filter>
    </ClCompile>
  </ItemGroup>
</Project>